
Microsoft Visual Studio Solution File, Format Version 12.00
# Visual Studio Version 17
VisualStudioVersion = 17.8.34316.72
MinimumVisualStudioVersion = 10.0.40219.1
Project("{FAE04EC0-301F-11D3-BF4B-00C04F79EFBC}") = "e-commerce pro", "e-commerce pro.csproj", "{A68A1406-A376-4A92-9EC1-2B672101E71A}"
EndProject
Global
	GlobalSection(SolutionConfigurationPlatforms) = preSolution
		Debug|Any CPU = Debug|Any CPU
		Release|Any CPU = Release|Any CPU
	EndGlobalSection
	GlobalSection(ProjectConfigurationPlatforms) = postSolution
		{A68A1406-A376-4A92-9EC1-2B672101E71A}.Debug|Any CPU.ActiveCfg = Debug|Any CPU
		{A68A1406-A376-4A92-9EC1-2B672101E71A}.Debug|Any CPU.Build.0 = Debug|Any CPU
		{A68A1406-A376-4A92-9EC1-2B672101E71A}.Release|Any CPU.ActiveCfg = Release|Any CPU
		{A68A1406-A376-4A92-9EC1-2B672101E71A}.Release|Any CPU.Build.0 = Release|Any CPU
	EndGlobalSection
	GlobalSection(SolutionProperties) = preSolution
		HideSolutionNode = FALSE
	EndGlobalSection
	GlobalSection(ExtensibilityGlobals) = postSolution
		SolutionGuid = {8E1C6F25-66BC-421D-BB1B-63E766FF94A4}
	EndGlobalSection
EndGlobal
